// !$*UTF8*$!
{
	archiveVersion = 1;
	classes = {
	};
	objectVersion = 56;
	objects = {

/* Begin PBXBuildFile section */
		3F284D95291B7A6400F7A528 /* AppDelegate.swift in Sources */ = {isa = PBXBuildFile; fileRef = 3F284D94291B7A6400F7A528 /* AppDelegate.swift */; };
		3F284D97291B7A6400F7A528 /* SceneDelegate.swift in Sources */ = {isa = PBXBuildFile; fileRef = 3F284D96291B7A6400F7A528 /* SceneDelegate.swift */; };
		3F284D99291B7A6400F7A528 /* ViewController.swift in Sources */ = {isa = PBXBuildFile; fileRef = 3F284D98291B7A6400F7A528 /* ViewController.swift */; };
		3F284D9C291B7A6400F7A528 /* Main.storyboard in Resources */ = {isa = PBXBuildFile; fileRef = 3F284D9A291B7A6400F7A528 /* Main.storyboard */; };
		3F284D9E291B7A6600F7A528 /* Assets.xcassets in Resources */ = {isa = PBXBuildFile; fileRef = 3F284D9D291B7A6600F7A528 /* Assets.xcassets */; };
		3F284DA1291B7A6600F7A528 /* LaunchScreen.storyboard in Resources */ = {isa = PBXBuildFile; fileRef = 3F284D9F291B7A6600F7A528 /* LaunchScreen.storyboard */; };
		3F284DAC291B7A6700F7A528 /* Cold_CallTests.swift in Sources */ = {isa = PBXBuildFile; fileRef = 3F284DAB291B7A6700F7A528 /* Cold_CallTests.swift */; };
		3F284DB6291B7A6700F7A528 /* Cold_CallUITests.swift in Sources */ = {isa = PBXBuildFile; fileRef = 3F284DB5291B7A6700F7A528 /* Cold_CallUITests.swift */; };
		3F284DB8291B7A6700F7A528 /* Cold_CallUITestsLaunchTests.swift in Sources */ = {isa = PBXBuildFile; fileRef = 3F284DB7291B7A6700F7A528 /* Cold_CallUITestsLaunchTests.swift */; };
/* End PBXBuildFile section */

/* Begin PBXContainerItemProxy section */
		3F284DA8291B7A6700F7A528 /* PBXContainerItemProxy */ = {
			isa = PBXContainerItemProxy;
			containerPortal = 3F284D89291B7A6400F7A528 /* Project object */;
			proxyType = 1;
			remoteGlobalIDString = 3F284D90291B7A6400F7A528;
			remoteInfo = "Cold Call";
		};
		3F284DB2291B7A6700F7A528 /* PBXContainerItemProxy */ = {
			isa = PBXContainerItemProxy;
			containerPortal = 3F284D89291B7A6400F7A528 /* Project object */;
			proxyType = 1;
			remoteGlobalIDString = 3F284D90291B7A6400F7A528;
			remoteInfo = "Cold Call";
		};
/* End PBXContainerItemProxy section */

/* Begin PBXFileReference section */
		3F284D91291B7A6400F7A528 /* Cold Call.app */ = {isa = PBXFileReference; explicitFileType = wrapper.application; includeInIndex = 0; path = "Cold Call.app"; sourceTree = BUILT_PRODUCTS_DIR; };
		3F284D94291B7A6400F7A528 /* AppDelegate.swift */ = {isa = PBXFileReference; lastKnownFileType = sourcecode.swift; path = AppDelegate.swift; sourceTree = "<group>"; };
		3F284D96291B7A6400F7A528 /* SceneDelegate.swift */ = {isa = PBXFileReference; lastKnownFileType = sourcecode.swift; path = SceneDelegate.swift; sourceTree = "<group>"; };
		3F284D98291B7A6400F7A528 /* ViewController.swift */ = {isa = PBXFileReference; lastKnownFileType = sourcecode.swift; path = ViewController.swift; sourceTree = "<group>"; };
		3F284D9B291B7A6400F7A528 /* Base */ = {isa = PBXFileReference; lastKnownFileType = file.storyboard; name = Base; path = Base.lproj/Main.storyboard; sourceTree = "<group>"; };
		3F284D9D291B7A6600F7A528 /* Assets.xcassets */ = {isa = PBXFileReference; lastKnownFileType = folder.assetcatalog; path = Assets.xcassets; sourceTree = "<group>"; };
		3F284DA0291B7A6600F7A528 /* Base */ = {isa = PBXFileReference; lastKnownFileType = file.storyboard; name = Base; path = Base.lproj/LaunchScreen.storyboard; sourceTree = "<group>"; };
		3F284DA2291B7A6600F7A528 /* Info.plist */ = {isa = PBXFileReference; lastKnownFileType = text.plist.xml; path = Info.plist; sourceTree = "<group>"; };
		3F284DA7291B7A6700F7A528 /* Cold CallTests.xctest */ = {isa = PBXFileReference; explicitFileType = wrapper.cfbundle; includeInIndex = 0; path = "Cold CallTests.xctest"; sourceTree = BUILT_PRODUCTS_DIR; };
		3F284DAB291B7A6700F7A528 /* Cold_CallTests.swift */ = {isa = PBXFileReference; lastKnownFileType = sourcecode.swift; path = Cold_CallTests.swift; sourceTree = "<group>"; };
		3F284DB1291B7A6700F7A528 /* Cold CallUITests.xctest */ = {isa = PBXFileReference; explicitFileType = wrapper.cfbundle; includeInIndex = 0; path = "Cold CallUITests.xctest"; sourceTree = BUILT_PRODUCTS_DIR; };
		3F284DB5291B7A6700F7A528 /* Cold_CallUITests.swift */ = {isa = PBXFileReference; lastKnownFileType = sourcecode.swift; path = Cold_CallUITests.swift; sourceTree = "<group>"; };
		3F284DB7291B7A6700F7A528 /* Cold_CallUITestsLaunchTests.swift */ = {isa = PBXFileReference; lastKnownFileType = sourcecode.swift; path = Cold_CallUITestsLaunchTests.swift; sourceTree = "<group>"; };
/* End PBXFileReference section */

/* Begin PBXFrameworksBuildPhase section */
		3F284D8E291B7A6400F7A528 /* Frameworks */ = {
			isa = PBXFrameworksBuildPhase;
			buildActionMask = 2147483647;
			files = (
			);
			runOnlyForDeploymentPostprocessing = 0;
		};
		3F284DA4291B7A6700F7A528 /* Frameworks */ = {
			isa = PBXFrameworksBuildPhase;
			buildActionMask = 2147483647;
			files = (
			);
			runOnlyForDeploymentPostprocessing = 0;
		};
		3F284DAE291B7A6700F7A528 /* Frameworks */ = {
			isa = PBXFrameworksBuildPhase;
			buildActionMask = 2147483647;
			files = (
			);
			runOnlyForDeploymentPostprocessing = 0;
		};
/* End PBXFrameworksBuildPhase section */

/* Begin PBXGroup section */
		3F284D88291B7A6400F7A528 = {
			isa = PBXGroup;
			children = (
				3F284D93291B7A6400F7A528 /* Cold Call */,
				3F284DAA291B7A6700F7A528 /* Cold CallTests */,
				3F284DB4291B7A6700F7A528 /* Cold CallUITests */,
				3F284D92291B7A6400F7A528 /* Products */,
			);
			sourceTree = "<group>";
		};
		3F284D92291B7A6400F7A528 /* Products */ = {
			isa = PBXGroup;
			children = (
				3F284D91291B7A6400F7A528 /* Cold Call.app */,
				3F284DA7291B7A6700F7A528 /* Cold CallTests.xctest */,
				3F284DB1291B7A6700F7A528 /* Cold CallUITests.xctest */,
			);
			name = Products;
			sourceTree = "<group>";
		};
		3F284D93291B7A6400F7A528 /* Cold Call */ = {
			isa = PBXGroup;
			children = (
				3F284D94291B7A6400F7A528 /* AppDelegate.swift */,
				3F284D96291B7A6400F7A528 /* SceneDelegate.swift */,
				3F284D98291B7A6400F7A528 /* ViewController.swift */,
				3F284D9A291B7A6400F7A528 /* Main.storyboard */,
				3F284D9D291B7A6600F7A528 /* Assets.xcassets */,
				3F284D9F291B7A6600F7A528 /* LaunchScreen.storyboard */,
				3F284DA2291B7A6600F7A528 /* Info.plist */,
			);
			path = "Cold Call";
			sourceTree = "<group>";
		};
		3F284DAA291B7A6700F7A528 /* Cold CallTests */ = {
			isa = PBXGroup;
			children = (
				3F284DAB291B7A6700F7A528 /* Cold_CallTests.swift */,
			);
			path = "Cold CallTests";
			sourceTree = "<group>";
		};
		3F284DB4291B7A6700F7A528 /* Cold CallUITests */ = {
			isa = PBXGroup;
			children = (
				3F284DB5291B7A6700F7A528 /* Cold_CallUITests.swift */,
				3F284DB7291B7A6700F7A528 /* Cold_CallUITestsLaunchTests.swift */,
			);
			path = "Cold CallUITests";
			sourceTree = "<group>";
		};
/* End PBXGroup section */

/* Begin PBXNativeTarget section */
		3F284D90291B7A6400F7A528 /* Cold Call */ = {
			isa = PBXNativeTarget;
			buildConfigurationList = 3F284DBB291B7A6700F7A528 /* Build configuration list for PBXNativeTarget "Cold Call" */;
			buildPhases = (
				3F284D8D291B7A6400F7A528 /* Sources */,
				3F284D8E291B7A6400F7A528 /* Frameworks */,
				3F284D8F291B7A6400F7A528 /* Resources */,
			);
			buildRules = (
			);
			dependencies = (
			);
			name = "Cold Call";
			productName = "Cold Call";
			productReference = 3F284D91291B7A6400F7A528 /* Cold Call.app */;
			productType = "com.apple.product-type.application";
		};
		3F284DA6291B7A6700F7A528 /* Cold CallTests */ = {
			isa = PBXNativeTarget;
			buildConfigurationList = 3F284DBE291B7A6700F7A528 /* Build configuration list for PBXNativeTarget "Cold CallTests" */;
			buildPhases = (
				3F284DA3291B7A6700F7A528 /* Sources */,
				3F284DA4291B7A6700F7A528 /* Frameworks */,
				3F284DA5291B7A6700F7A528 /* Resources */,
			);
			buildRules = (
			);
			dependencies = (
				3F284DA9291B7A6700F7A528 /* PBXTargetDependency */,
			);
			name = "Cold CallTests";
			productName = "Cold CallTests";
			productReference = 3F284DA7291B7A6700F7A528 /* Cold CallTests.xctest */;
			productType = "com.apple.product-type.bundle.unit-test";
		};
		3F284DB0291B7A6700F7A528 /* Cold CallUITests */ = {
			isa = PBXNativeTarget;
			buildConfigurationList = 3F284DC1291B7A6700F7A528 /* Build configuration list for PBXNativeTarget "Cold CallUITests" */;
			buildPhases = (
				3F284DAD291B7A6700F7A528 /* Sources */,
				3F284DAE291B7A6700F7A528 /* Frameworks */,
				3F284DAF291B7A6700F7A528 /* Resources */,
			);
			buildRules = (
			);
			dependencies = (
				3F284DB3291B7A6700F7A528 /* PBXTargetDependency */,
			);
			name = "Cold CallUITests";
			productName = "Cold CallUITests";
			productReference = 3F284DB1291B7A6700F7A528 /* Cold CallUITests.xctest */;
			productType = "com.apple.product-type.bundle.ui-testing";
		};
/* End PBXNativeTarget section */

/* Begin PBXProject section */
		3F284D89291B7A6400F7A528 /* Project object */ = {
			isa = PBXProject;
			attributes = {
				BuildIndependentTargetsInParallel = 1;
				LastSwiftUpdateCheck = 1410;
				LastUpgradeCheck = 1410;
				TargetAttributes = {
					3F284D90291B7A6400F7A528 = {
						CreatedOnToolsVersion = 14.1;
					};
					3F284DA6291B7A6700F7A528 = {
						CreatedOnToolsVersion = 14.1;
						TestTargetID = 3F284D90291B7A6400F7A528;
					};
					3F284DB0291B7A6700F7A528 = {
						CreatedOnToolsVersion = 14.1;
						TestTargetID = 3F284D90291B7A6400F7A528;
					};
				};
			};
			buildConfigurationList = 3F284D8C291B7A6400F7A528 /* Build configuration list for PBXProject "Cold Call" */;
			compatibilityVersion = "Xcode 14.0";
			developmentRegion = en;
			hasScannedForEncodings = 0;
			knownRegions = (
				en,
				Base,
			);
			mainGroup = 3F284D88291B7A6400F7A528;
			productRefGroup = 3F284D92291B7A6400F7A528 /* Products */;
			projectDirPath = "";
			projectRoot = "";
			targets = (
				3F284D90291B7A6400F7A528 /* Cold Call */,
				3F284DA6291B7A6700F7A528 /* Cold CallTests */,
				3F284DB0291B7A6700F7A528 /* Cold CallUITests */,
			);
		};
/* End PBXProject section */

/* Begin PBXResourcesBuildPhase section */
		3F284D8F291B7A6400F7A528 /* Resources */ = {
			isa = PBXResourcesBuildPhase;
			buildActionMask = 2147483647;
			files = (
				3F284DA1291B7A6600F7A528 /* LaunchScreen.storyboard in Resources */,
				3F284D9E291B7A6600F7A528 /* Assets.xcassets in Resources */,
				3F284D9C291B7A6400F7A528 /* Main.storyboard in Resources */,
			);
			runOnlyForDeploymentPostprocessing = 0;
		};
		3F284DA5291B7A6700F7A528 /* Resources */ = {
			isa = PBXResourcesBuildPhase;
			buildActionMask = 2147483647;
			files = (
			);
			runOnlyForDeploymentPostprocessing = 0;
		};
		3F284DAF291B7A6700F7A528 /* Resources */ = {
			isa = PBXResourcesBuildPhase;
			buildActionMask = 2147483647;
			files = (
			);
			runOnlyForDeploymentPostprocessing = 0;
		};
/* End PBXResourcesBuildPhase section */

/* Begin PBXSourcesBuildPhase section */
		3F284D8D291B7A6400F7A528 /* Sources */ = {
			isa = PBXSourcesBuildPhase;
			buildActionMask = 2147483647;
			files = (
				3F284D99291B7A6400F7A528 /* ViewController.swift in Sources */,
				3F284D95291B7A6400F7A528 /* AppDelegate.swift in Sources */,
				3F284D97291B7A6400F7A528 /* SceneDelegate.swift in Sources */,
			);
			runOnlyForDeploymentPostprocessing = 0;
		};
		3F284DA3291B7A6700F7A528 /* Sources */ = {
			isa = PBXSourcesBuildPhase;
			buildActionMask = 2147483647;
			files = (
				3F284DAC291B7A6700F7A528 /* Cold_CallTests.swift in Sources */,
			);
			runOnlyForDeploymentPostprocessing = 0;
		};
		3F284DAD291B7A6700F7A528 /* Sources */ = {
			isa = PBXSourcesBuildPhase;
			buildActionMask = 2147483647;
			files = (
				3F284DB8291B7A6700F7A528 /* Cold_CallUITestsLaunchTests.swift in Sources */,
				3F284DB6291B7A6700F7A528 /* Cold_CallUITests.swift in Sources */,
			);
			runOnlyForDeploymentPostprocessing = 0;
		};
/* End PBXSourcesBuildPhase section */

/* Begin PBXTargetDependency section */
		3F284DA9291B7A6700F7A528 /* PBXTargetDependency */ = {
			isa = PBXTargetDependency;
			target = 3F284D90291B7A6400F7A528 /* Cold Call */;
			targetProxy = 3F284DA8291B7A6700F7A528 /* PBXContainerItemProxy */;
		};
		3F284DB3291B7A6700F7A528 /* PBXTargetDependency */ = {
			isa = PBXTargetDependency;
			target = 3F284D90291B7A6400F7A528 /* Cold Call */;
			targetProxy = 3F284DB2291B7A6700F7A528 /* PBXContainerItemProxy */;
		};
/* End PBXTargetDependency section */

/* Begin PBXVariantGroup section */
		3F284D9A291B7A6400F7A528 /* Main.storyboard */ = {
			isa = PBXVariantGroup;
			children = (
				3F284D9B291B7A6400F7A528 /* Base */,
			);
			name = Main.storyboard;
			sourceTree = "<group>";
		};
		3F284D9F291B7A6600F7A528 /* LaunchScreen.storyboard */ = {
			isa = PBXVariantGroup;
			children = (
				3F284DA0291B7A6600F7A528 /* Base */,
			);
			name = LaunchScreen.storyboard;
			sourceTree = "<group>";
		};
/* End PBXVariantGroup section */

/* Begin XCBuildConfiguration section */
		3F284DB9291B7A6700F7A528 /* Debug */ = {
			isa = XCBuildConfiguration;
			buildSettings = {
				ALWAYS_SEARCH_USER_PATHS = NO;
				CLANG_ANALYZER_NONNULL = YES;
				CLANG_ANALYZER_NUMBER_OBJECT_CONVERSION = YES_AGGRESSIVE;
				CLANG_CXX_LANGUAGE_STANDARD = "gnu++20";
				CLANG_ENABLE_MODULES = YES;
				CLANG_ENABLE_OBJC_ARC = YES;
				CLANG_ENABLE_OBJC_WEAK = YES;
				CLANG_WARN_BLOCK_CAPTURE_AUTORELEASING = YES;
				CLANG_WARN_BOOL_CONVERSION = YES;
				CLANG_WARN_COMMA = YES;
				CLANG_WARN_CONSTANT_CONVERSION = YES;
				CLANG_WARN_DEPRECATED_OBJC_IMPLEMENTATIONS = YES;
				CLANG_WARN_DIRECT_OBJC_ISA_USAGE = YES_ERROR;
				CLANG_WARN_DOCUMENTATION_COMMENTS = YES;
				CLANG_WARN_EMPTY_BODY = YES;
				CLANG_WARN_ENUM_CONVERSION = YES;
				CLANG_WARN_INFINITE_RECURSION = YES;
				CLANG_WARN_INT_CONVERSION = YES;
				CLANG_WARN_NON_LITERAL_NULL_CONVERSION = YES;
				CLANG_WARN_OBJC_IMPLICIT_RETAIN_SELF = YES;
				CLANG_WARN_OBJC_LITERAL_CONVERSION = YES;
				CLANG_WARN_OBJC_ROOT_CLASS = YES_ERROR;
				CLANG_WARN_QUOTED_INCLUDE_IN_FRAMEWORK_HEADER = YES;
				CLANG_WARN_RANGE_LOOP_ANALYSIS = YES;
				CLANG_WARN_STRICT_PROTOTYPES = YES;
				CLANG_WARN_SUSPICIOUS_MOVE = YES;
				CLANG_WARN_UNGUARDED_AVAILABILITY = YES_AGGRESSIVE;
				CLANG_WARN_UNREACHABLE_CODE = YES;
				CLANG_WARN__DUPLICATE_METHOD_MATCH = YES;
				COPY_PHASE_STRIP = NO;
				DEBUG_INFORMATION_FORMAT = dwarf;
				ENABLE_STRICT_OBJC_MSGSEND = YES;
				ENABLE_TESTABILITY = YES;
				GCC_C_LANGUAGE_STANDARD = gnu11;
				GCC_DYNAMIC_NO_PIC = NO;
				GCC_NO_COMMON_BLOCKS = YES;
				GCC_OPTIMIZATION_LEVEL = 0;
				GCC_PREPROCESSOR_DEFINITIONS = (
					"DEBUG=1",
					"$(inherited)",
				);
				GCC_WARN_64_TO_32_BIT_CONVERSION = YES;
				GCC_WARN_ABOUT_RETURN_TYPE = YES_ERROR;
				GCC_WARN_UNDECLARED_SELECTOR = YES;
				GCC_WARN_UNINITIALIZED_AUTOS = YES_AGGRESSIVE;
				GCC_WARN_UNUSED_FUNCTION = YES;
				GCC_WARN_UNUSED_VARIABLE = YES;
				IPHONEOS_DEPLOYMENT_TARGET = 16.1;
				MTL_ENABLE_DEBUG_INFO = INCLUDE_SOURCE;
				MTL_FAST_MATH = YES;
				ONLY_ACTIVE_ARCH = YES;
				SDKROOT = iphoneos;
				SWIFT_ACTIVE_COMPILATION_CONDITIONS = DEBUG;
				SWIFT_OPTIMIZATION_LEVEL = "-Onone";
			};
			name = Debug;
		};
		3F284DBA291B7A6700F7A528 /* Release */ = {
			isa = XCBuildConfiguration;
			buildSettings = {
				ALWAYS_SEARCH_USER_PATHS = NO;
				CLANG_ANALYZER_NONNULL = YES;
				CLANG_ANALYZER_NUMBER_OBJECT_CONVERSION = YES_AGGRESSIVE;
				CLANG_CXX_LANGUAGE_STANDARD = "gnu++20";
				CLANG_ENABLE_MODULES = YES;
				CLANG_ENABLE_OBJC_ARC = YES;
				CLANG_ENABLE_OBJC_WEAK = YES;
				CLANG_WARN_BLOCK_CAPTURE_AUTORELEASING = YES;
				CLANG_WARN_BOOL_CONVERSION = YES;
				CLANG_WARN_COMMA = YES;
				CLANG_WARN_CONSTANT_CONVERSION = YES;
				CLANG_WARN_DEPRECATED_OBJC_IMPLEMENTATIONS = YES;
				CLANG_WARN_DIRECT_OBJC_ISA_USAGE = YES_ERROR;
				CLANG_WARN_DOCUMENTATION_COMMENTS = YES;
				CLANG_WARN_EMPTY_BODY = YES;
				CLANG_WARN_ENUM_CONVERSION = YES;
				CLANG_WARN_INFINITE_RECURSION = YES;
				CLANG_WARN_INT_CONVERSION = YES;
				CLANG_WARN_NON_LITERAL_NULL_CONVERSION = YES;
				CLANG_WARN_OBJC_IMPLICIT_RETAIN_SELF = YES;
				CLANG_WARN_OBJC_LITERAL_CONVERSION = YES;
				CLANG_WARN_OBJC_ROOT_CLASS = YES_ERROR;
				CLANG_WARN_QUOTED_INCLUDE_IN_FRAMEWORK_HEADER = YES;
				CLANG_WARN_RANGE_LOOP_ANALYSIS = YES;
				CLANG_WARN_STRICT_PROTOTYPES = YES;
				CLANG_WARN_SUSPICIOUS_MOVE = YES;
				CLANG_WARN_UNGUARDED_AVAILABILITY = YES_AGGRESSIVE;
				CLANG_WARN_UNREACHABLE_CODE = YES;
				CLANG_WARN__DUPLICATE_METHOD_MATCH = YES;
				COPY_PHASE_STRIP = NO;
				DEBUG_INFORMATION_FORMAT = "dwarf-with-dsym";
				ENABLE_NS_ASSERTIONS = NO;
				ENABLE_STRICT_OBJC_MSGSEND = YES;
				GCC_C_LANGUAGE_STANDARD = gnu11;
				GCC_NO_COMMON_BLOCKS = YES;
				GCC_WARN_64_TO_32_BIT_CONVERSION = YES;
				GCC_WARN_ABOUT_RETURN_TYPE = YES_ERROR;
				GCC_WARN_UNDECLARED_SELECTOR = YES;
				GCC_WARN_UNINITIALIZED_AUTOS = YES_AGGRESSIVE;
				GCC_WARN_UNUSED_FUNCTION = YES;
				GCC_WARN_UNUSED_VARIABLE = YES;
				IPHONEOS_DEPLOYMENT_TARGET = 16.1;
				MTL_ENABLE_DEBUG_INFO = NO;
				MTL_FAST_MATH = YES;
				SDKROOT = iphoneos;
				SWIFT_COMPILATION_MODE = wholemodule;
				SWIFT_OPTIMIZATION_LEVEL = "-O";
				VALIDATE_PRODUCT = YES;
			};
			name = Release;
		};
		3F284DBC291B7A6700F7A528 /* Debug */ = {
			isa = XCBuildConfiguration;
			buildSettings = {
				ASSETCATALOG_COMPILER_APPICON_NAME = AppIcon;
				ASSETCATALOG_COMPILER_GLOBAL_ACCENT_COLOR_NAME = AccentColor;
				CODE_SIGN_STYLE = Automatic;
				CURRENT_PROJECT_VERSION = 1;
				GENERATE_INFOPLIST_FILE = YES;
				INFOPLIST_FILE = "Cold Call/Info.plist";
				INFOPLIST_KEY_UIApplicationSupportsIndirectInputEvents = YES;
				INFOPLIST_KEY_UILaunchStoryboardName = LaunchScreen;
				INFOPLIST_KEY_UIMainStoryboardFile = Main;
				INFOPLIST_KEY_UISupportedInterfaceOrientations_iPad = "UIInterfaceOrientationPortrait UIInterfaceOrientationPortraitUpsideDown UIInterfaceOrientationLandscapeLeft UIInterfaceOrientationLandscapeRight";
				INFOPLIST_KEY_UISupportedInterfaceOrientations_iPhone = "UIInterfaceOrientationPortrait UIInterfaceOrientationLandscapeLeft UIInterfaceOrientationLandscapeRight";
				LD_RUNPATH_SEARCH_PATHS = (
					"$(inherited)",
					"@executable_path/Frameworks",
				);
				MARKETING_VERSION = 1.0;
				PRODUCT_BUNDLE_IDENTIFIER = "Aamer-Essa.Cold-Call";
				PRODUCT_NAME = "$(TARGET_NAME)";
				SWIFT_EMIT_LOC_STRINGS = YES;
				SWIFT_VERSION = 5.0;
				TARGETED_DEVICE_FAMILY = "1,2";
			};
			name = Debug;
		};
		3F284DBD291B7A6700F7A528 /* Release */ = {
			isa = XCBuildConfiguration;
			buildSettings = {
				ASSETCATALOG_COMPILER_APPICON_NAME = AppIcon;
				ASSETCATALOG_COMPILER_GLOBAL_ACCENT_COLOR_NAME = AccentColor;
				CODE_SIGN_STYLE = Automatic;
				CURRENT_PROJECT_VERSION = 1;
				GENERATE_INFOPLIST_FILE = YES;
				INFOPLIST_FILE = "Cold Call/Info.plist";
				INFOPLIST_KEY_UIApplicationSupportsIndirectInputEvents = YES;
				INFOPLIST_KEY_UILaunchStoryboardName = LaunchScreen;
				INFOPLIST_KEY_UIMainStoryboardFile = Main;
				INFOPLIST_KEY_UISupportedInterfaceOrientations_iPad = "UIInterfaceOrientationPortrait UIInterfaceOrientationPortraitUpsideDown UIInterfaceOrientationLandscapeLeft UIInterfaceOrientationLandscapeRight";
				INFOPLIST_KEY_UISupportedInterfaceOrientations_iPhone = "UIInterfaceOrientationPortrait UIInterfaceOrientationLandscapeLeft UIInterfaceOrientationLandscapeRight";
				LD_RUNPATH_SEARCH_PATHS = (
					"$(inherited)",
					"@executable_path/Frameworks",
				);
				MARKETING_VERSION = 1.0;
				PRODUCT_BUNDLE_IDENTIFIER = "Aamer-Essa.Cold-Call";
				PRODUCT_NAME = "$(TARGET_NAME)";
				SWIFT_EMIT_LOC_STRINGS = YES;
				SWIFT_VERSION = 5.0;
				TARGETED_DEVICE_FAMILY = "1,2";
			};
			name = Release;
		};
		3F284DBF291B7A6700F7A528 /* Debug */ = {
			isa = XCBuildConfiguration;
			buildSettings = {
				ALWAYS_EMBED_SWIFT_STANDARD_LIBRARIES = YES;
				BUNDLE_LOADER = "$(TEST_HOST)";
				CODE_SIGN_STYLE = Automatic;
				CURRENT_PROJECT_VERSION = 1;
				GENERATE_INFOPLIST_FILE = YES;
				IPHONEOS_DEPLOYMENT_TARGET = 16.1;
				MARKETING_VERSION = 1.0;
				PRODUCT_BUNDLE_IDENTIFIER = "Aamer-Essa.Cold-CallTests";
				PRODUCT_NAME = "$(TARGET_NAME)";
				SWIFT_EMIT_LOC_STRINGS = NO;
				SWIFT_VERSION = 5.0;
				TARGETED_DEVICE_FAMILY = "1,2";
				TEST_HOST = "$(BUILT_PRODUCTS_DIR)/Cold Call.app/$(BUNDLE_EXECUTABLE_FOLDER_PATH)/Cold Call";
			};
			name = Debug;
		};
		3F284DC0291B7A6700F7A528 /* Release */ = {
			isa = XCBuildConfiguration;
			buildSettings = {
				ALWAYS_EMBED_SWIFT_STANDARD_LIBRARIES = YES;
				BUNDLE_LOADER = "$(TEST_HOST)";
				CODE_SIGN_STYLE = Automatic;
				CURRENT_PROJECT_VERSION = 1;
				GENERATE_INFOPLIST_FILE = YES;
				IPHONEOS_DEPLOYMENT_TARGET = 16.1;
				MARKETING_VERSION = 1.0;
				PRODUCT_BUNDLE_IDENTIFIER = "Aamer-Essa.Cold-CallTests";
				PRODUCT_NAME = "$(TARGET_NAME)";
				SWIFT_EMIT_LOC_STRINGS = NO;
				SWIFT_VERSION = 5.0;
				TARGETED_DEVICE_FAMILY = "1,2";
				TEST_HOST = "$(BUILT_PRODUCTS_DIR)/Cold Call.app/$(BUNDLE_EXECUTABLE_FOLDER_PATH)/Cold Call";
			};
			name = Release;
		};
		3F284DC2291B7A6700F7A528 /* Debug */ = {
			isa = XCBuildConfiguration;
			buildSettings = {
				ALWAYS_EMBED_SWIFT_STANDARD_LIBRARIES = YES;
				CODE_SIGN_STYLE = Automatic;
				CURRENT_PROJECT_VERSION = 1;
				GENERATE_INFOPLIST_FILE = YES;
				MARKETING_VERSION = 1.0;
				PRODUCT_BUNDLE_IDENTIFIER = "Aamer-Essa.Cold-CallUITests";
				PRODUCT_NAME = "$(TARGET_NAME)";
				SWIFT_EMIT_LOC_STRINGS = NO;
				SWIFT_VERSION = 5.0;
				TARGETED_DEVICE_FAMILY = "1,2";
				TEST_TARGET_NAME = "Cold Call";
			};
			name = Debug;
		};
		3F284DC3291B7A6700F7A528 /* Release */ = {
			isa = XCBuildConfiguration;
			buildSettings = {
				ALWAYS_EMBED_SWIFT_STANDARD_LIBRARIES = YES;
				CODE_SIGN_STYLE = Automatic;
				CURRENT_PROJECT_VERSION = 1;
				GENERATE_INFOPLIST_FILE = YES;
				MARKETING_VERSION = 1.0;
				PRODUCT_BUNDLE_IDENTIFIER = "Aamer-Essa.Cold-CallUITests";
				PRODUCT_NAME = "$(TARGET_NAME)";
				SWIFT_EMIT_LOC_STRINGS = NO;
				SWIFT_VERSION = 5.0;
				TARGETED_DEVICE_FAMILY = "1,2";
				TEST_TARGET_NAME = "Cold Call";
			};
			name = Release;
		};
/* End XCBuildConfiguration section */

/* Begin XCConfigurationList section */
		3F284D8C291B7A6400F7A528 /* Build configuration list for PBXProject "Cold Call" */ = {
			isa = XCConfigurationList;
			buildConfigurations = (
				3F284DB9291B7A6700F7A528 /* Debug */,
				3F284DBA291B7A6700F7A528 /* Release */,
			);
			defaultConfigurationIsVisible = 0;
			defaultConfigurationName = Release;
		};
		3F284DBB291B7A6700F7A528 /* Build configuration list for PBXNativeTarget "Cold Call" */ = {
			isa = XCConfigurationList;
			buildConfigurations = (
				3F284DBC291B7A6700F7A528 /* Debug */,
				3F284DBD291B7A6700F7A528 /* Release */,
			);
			defaultConfigurationIsVisible = 0;
			defaultConfigurationName = Release;
		};
		3F284DBE291B7A6700F7A528 /* Build configuration list for PBXNativeTarget "Cold CallTests" */ = {
			isa = XCConfigurationList;
			buildConfigurations = (
				3F284DBF291B7A6700F7A528 /* Debug */,
				3F284DC0291B7A6700F7A528 /* Release */,
			);
			defaultConfigurationIsVisible = 0;
			defaultConfigurationName = Release;
		};
		3F284DC1291B7A6700F7A528 /* Build configuration list for PBXNativeTarget "Cold CallUITests" */ = {
			isa = XCConfigurationList;
			buildConfigurations = (
				3F284DC2291B7A6700F7A528 /* Debug */,
				3F284DC3291B7A6700F7A528 /* Release */,
			);
			defaultConfigurationIsVisible = 0;
			defaultConfigurationName = Release;
		};
/* End XCConfigurationList section */
	};
	rootObject = 3F284D89291B7A6400F7A528 /* Project object */;
}
